
Microsoft Visual Studio Solution File, Format Version 12.00
# Visual Studio Version 17
VisualStudioVersion = 17.0.31903.59
MinimumVisualStudioVersion = 10.0.40219.1
Project("{FAE04EC0-301F-11D3-BF4B-00C04F79EFBC}") = "GeoMaths", "GeoMaths\GeoMaths.csproj", "{966AD503-BA7E-451F-8481-B465A8973333}"
EndProject
Project("{FAE04EC0-301F-11D3-BF4B-00C04F79EFBC}") = "GeoMaths.Test", "GeoMaths.Test\GeoMaths.Test.csproj", "{6D48AFD0-B362-4C50-924C-8D481D65E5B1}"
EndProject
Global
	GlobalSection(SolutionConfigurationPlatforms) = preSolution
		Debug|Any CPU = Debug|Any CPU
		Release|Any CPU = Release|Any CPU
	EndGlobalSection
	GlobalSection(SolutionProperties) = preSolution
		HideSolutionNode = FALSE
	EndGlobalSection
	GlobalSection(ProjectConfigurationPlatforms) = postSolution
		{966AD503-BA7E-451F-8481-B465A8973333}.Debug|Any CPU.ActiveCfg = Debug|Any CPU
		{966AD503-BA7E-451F-8481-B465A8973333}.Debug|Any CPU.Build.0 = Debug|Any CPU
		{966AD503-BA7E-451F-8481-B465A8973333}.Release|Any CPU.ActiveCfg = Release|Any CPU
		{966AD503-BA7E-451F-8481-B465A8973333}.Release|Any CPU.Build.0 = Release|Any CPU
		{6D48AFD0-B362-4C50-924C-8D481D65E5B1}.Debug|Any CPU.ActiveCfg = Debug|Any CPU
		{6D48AFD0-B362-4C50-924C-8D481D65E5B1}.Debug|Any CPU.Build.0 = Debug|Any CPU
		{6D48AFD0-B362-4C50-924C-8D481D65E5B1}.Release|Any CPU.ActiveCfg = Release|Any CPU
		{6D48AFD0-B362-4C50-924C-8D481D65E5B1}.Release|Any CPU.Build.0 = Release|Any CPU
	EndGlobalSection
EndGlobal
